{
  "name": "js-10days",
  "version": "1.0.0",
  "lockfileVersion": 2,
  "requires": true,
  "packages": {
    "": {
      "version": "1.0.0",
      "license": "ISC",
      "devDependencies": {
        "console-read-write": "^0.1.1"
      }
    },
    "node_modules/await-lock": {
      "version": "1.1.3",
      "resolved": "https://registry.npmjs.org/await-lock/-/await-lock-1.1.3.tgz",
      "integrity": "sha512-e0jRB8X/VVxulahjW16cM1dHsO7xjyZBP8p2AnVmg2Vn3q5xJ5sTUAybmkp96+s+QcrtidSJqpCGfWhVOX7NGg==",
      "dev": true
    },
    "node_modules/console-read-write": {
      "version": "0.1.1",
      "resolved": "https://registry.npmjs.org/console-read-write/-/console-read-write-0.1.1.tgz",
      "integrity": "sha512-oznwP8YnhYzN+72C6+LA4LnbcletRyz4ZQfNCBdvtXnE/RnpnRskaTljl7X4EAijkc2PQ3oYHU+C5r88Y8JC3A==",
      "dev": true,
      "dependencies": {
        "await-lock": "1.1.3"
      }
    }
  },
  "dependencies": {
    "await-lock": {
      "version": "1.1.3",
      "resolved": "https://registry.npmjs.org/await-lock/-/await-lock-1.1.3.tgz",
      "integrity": "sha512-e0jRB8X/VVxulahjW16cM1dHsO7xjyZBP8p2AnVmg2Vn3q5xJ5sTUAybmkp96+s+QcrtidSJqpCGfWhVOX7NGg==",
      "dev": true
    },
    "console-read-write": {
      "version": "0.1.1",
      "resolved": "https://registry.npmjs.org/console-read-write/-/console-read-write-0.1.1.tgz",
      "integrity": "sha512-oznwP8YnhYzN+72C6+LA4LnbcletRyz4ZQfNCBdvtXnE/RnpnRskaTljl7X4EAijkc2PQ3oYHU+C5r88Y8JC3A==",
      "dev": true,
      "requires": {
        "await-lock": "1.1.3"
      }
    }
  }
}
